
Microsoft Visual Studio Solution File, Format Version 12.00
# Visual Studio Version 17
VisualStudioVersion = 17.5.33627.172
MinimumVisualStudioVersion = 10.0.40219.1
Project("{9A19103F-16F7-4668-BE54-9A1E7A4F7556}") = "Softuni-Fest", "Softuni-Fest\Softuni-Fest.csproj", "{E3DF7CA2-44E8-4961-9DE9-DAE2B6035ACA}"
EndProject
Global
	GlobalSection(SolutionConfigurationPlatforms) = preSolution
		Debug|Any CPU = Debug|Any CPU
		Release|Any CPU = Release|Any CPU
	EndGlobalSection
	GlobalSection(ProjectConfigurationPlatforms) = postSolution
		{E3DF7CA2-44E8-4961-9DE9-DAE2B6035ACA}.Debug|Any CPU.ActiveCfg = Debug|Any CPU
		{E3DF7CA2-44E8-4961-9DE9-DAE2B6035ACA}.Debug|Any CPU.Build.0 = Debug|Any CPU
		{E3DF7CA2-44E8-4961-9DE9-DAE2B6035ACA}.Release|Any CPU.ActiveCfg = Release|Any CPU
		{E3DF7CA2-44E8-4961-9DE9-DAE2B6035ACA}.Release|Any CPU.Build.0 = Release|Any CPU
	EndGlobalSection
	GlobalSection(SolutionProperties) = preSolution
		HideSolutionNode = FALSE
	EndGlobalSection
	GlobalSection(ExtensibilityGlobals) = postSolution
		SolutionGuid = {E3647891-18D0-411A-AA2B-FA8DC3468468}
	EndGlobalSection
EndGlobal
